
Microsoft Visual Studio Solution File, Format Version 12.00
# Visual Studio 15
VisualStudioVersion = 15.0.28010.2050
MinimumVisualStudioVersion = 10.0.40219.1
Project("{FAE04EC0-301F-11D3-BF4B-00C04F79EFBC}") = "CsvHelper1201", "CsvHelperApp20181201\CsvHelper1201.csproj", "{DB6E2084-4DFD-4097-9D52-2EC9FDE9C279}"
EndProject
Global
	GlobalSection(SolutionConfigurationPlatforms) = preSolution
		Debug|Any CPU = Debug|Any CPU
		Release|Any CPU = Release|Any CPU
	EndGlobalSection
	GlobalSection(ProjectConfigurationPlatforms) = postSolution
		{DB6E2084-4DFD-4097-9D52-2EC9FDE9C279}.Debug|Any CPU.ActiveCfg = Debug|Any CPU
		{DB6E2084-4DFD-4097-9D52-2EC9FDE9C279}.Debug|Any CPU.Build.0 = Debug|Any CPU
		{DB6E2084-4DFD-4097-9D52-2EC9FDE9C279}.Release|Any CPU.ActiveCfg = Release|Any CPU
		{DB6E2084-4DFD-4097-9D52-2EC9FDE9C279}.Release|Any CPU.Build.0 = Release|Any CPU
	EndGlobalSection
	GlobalSection(SolutionProperties) = preSolution
		HideSolutionNode = FALSE
	EndGlobalSection
	GlobalSection(ExtensibilityGlobals) = postSolution
		SolutionGuid = {1829B770-2475-4278-BE28-ED1EB11F7FEC}
	EndGlobalSection
EndGlobal
